PODS:
  - AEXML (4.2.2)
  - Alamofire (4.6.0)
  - Realm (3.1.1):
    - Realm/Headers (= 3.1.1)
  - Realm/Headers (3.1.1)
  - RealmSwift (3.1.1):
    - Realm (= 3.1.1)
  - SwiftPriorityQueue (1.2.1)
  - SwiftyJSON (4.0.0)

DEPENDENCIES:
  - AEXML
  - Alamofire
  - RealmSwift
  - SwiftPriorityQueue
  - SwiftyJSON

SPEC CHECKSUMS:
  AEXML: 5ebafc1b75e0bcf0f1b09b8ca8fed2d5a199479b
  Alamofire: f41a599bd63041760b26d393ec1069d9d7b917f4
  Realm: 42d1c38a5b1bbcc828b48a7ce702cb86fc68adf4
  RealmSwift: d31937ca6a6ee54acde64ec839523c0a3c04924b
  SwiftPriorityQueue: 2ce5768829a9ef84d8b8fec5e73546d72ee3d8f6
  SwiftyJSON: 070dabdcb1beb81b247c65ffa3a79dbbfb3b48aa

PODFILE CHECKSUM: 175fa570d15e01dcff043f58ace57f194c6ce3d4

COCOAPODS: 1.4.0
